
Microsoft Visual Studio Solution File, Format Version 12.00
# Visual Studio Version 16
VisualStudioVersion = 16.0.30523.141
MinimumVisualStudioVersion = 10.0.40219.1
Project("{FAE04EC0-301F-11D3-BF4B-00C04F79EFBC}") = "Compressor", "Compressor\Compressor.csproj", "{67B60F81-9DA2-449B-85F6-3D88A37E9DD5}"
EndProject
Project("{FAE04EC0-301F-11D3-BF4B-00C04F79EFBC}") = "Compressor.Console", "Compressor.Console\Compressor.Console.csproj", "{DA051154-ECC5-4EDB-9E0D-B385A7B838A0}"
EndProject
Project("{FAE04EC0-301F-11D3-BF4B-00C04F79EFBC}") = "Compressor.Tests", "Compressor.Tests\Compressor.Tests.csproj", "{57160BF4-7AD4-4B0D-8C88-5B08B8B0ED15}"
EndProject
Global
	GlobalSection(SolutionConfigurationPlatforms) = preSolution
		Debug|Any CPU = Debug|Any CPU
		Release|Any CPU = Release|Any CPU
	EndGlobalSection
	GlobalSection(ProjectConfigurationPlatforms) = postSolution
		{67B60F81-9DA2-449B-85F6-3D88A37E9DD5}.Debug|Any CPU.ActiveCfg = Debug|Any CPU
		{67B60F81-9DA2-449B-85F6-3D88A37E9DD5}.Debug|Any CPU.Build.0 = Debug|Any CPU
		{67B60F81-9DA2-449B-85F6-3D88A37E9DD5}.Release|Any CPU.ActiveCfg = Release|Any CPU
		{67B60F81-9DA2-449B-85F6-3D88A37E9DD5}.Release|Any CPU.Build.0 = Release|Any CPU
		{DA051154-ECC5-4EDB-9E0D-B385A7B838A0}.Debug|Any CPU.ActiveCfg = Debug|Any CPU
		{DA051154-ECC5-4EDB-9E0D-B385A7B838A0}.Debug|Any CPU.Build.0 = Debug|Any CPU
		{DA051154-ECC5-4EDB-9E0D-B385A7B838A0}.Release|Any CPU.ActiveCfg = Release|Any CPU
		{DA051154-ECC5-4EDB-9E0D-B385A7B838A0}.Release|Any CPU.Build.0 = Release|Any CPU
		{57160BF4-7AD4-4B0D-8C88-5B08B8B0ED15}.Debug|Any CPU.ActiveCfg = Debug|Any CPU
		{57160BF4-7AD4-4B0D-8C88-5B08B8B0ED15}.Debug|Any CPU.Build.0 = Debug|Any CPU
		{57160BF4-7AD4-4B0D-8C88-5B08B8B0ED15}.Release|Any CPU.ActiveCfg = Release|Any CPU
		{57160BF4-7AD4-4B0D-8C88-5B08B8B0ED15}.Release|Any CPU.Build.0 = Release|Any CPU
	EndGlobalSection
	GlobalSection(SolutionProperties) = preSolution
		HideSolutionNode = FALSE
	EndGlobalSection
	GlobalSection(ExtensibilityGlobals) = postSolution
		SolutionGuid = {F7EEA796-25FE-4A81-87C2-378DF431D4D3}
	EndGlobalSection
EndGlobal
